// !$*UTF8*$!
{
	archiveVersion = 1;
	classes = {
	};
	objectVersion = 50;
	objects = {

/* Begin PBXBuildFile section */
		EFEE805326163E7A00127314 /* AppDelegate.swift in Sources */ = {isa = PBXBuildFile; fileRef = EFEE805226163E7A00127314 /* AppDelegate.swift */; };
		EFEE805526163E7A00127314 /* SceneDelegate.swift in Sources */ = {isa = PBXBuildFile; fileRef = EFEE805426163E7A00127314 /* SceneDelegate.swift */; };
		EFEE805726163E7A00127314 /* ViewController.swift in Sources */ = {isa = PBXBuildFile; fileRef = EFEE805626163E7A00127314 /* ViewController.swift */; };
		EFEE805A26163E7A00127314 /* Main.storyboard in Resources */ = {isa = PBXBuildFile; fileRef = EFEE805826163E7A00127314 /* Main.storyboard */; };
		EFEE805C26163E7C00127314 /* Assets.xcassets in Resources */ = {isa = PBXBuildFile; fileRef = EFEE805B26163E7C00127314 /* Assets.xcassets */; };
		EFEE805F26163E7C00127314 /* LaunchScreen.storyboard in Resources */ = {isa = PBXBuildFile; fileRef = EFEE805D26163E7C00127314 /* LaunchScreen.storyboard */; };
		EFEE806926163F1B00127314 /* AVFoundation.framework in Frameworks */ = {isa = PBXBuildFile; fileRef = EFEE806826163F1B00127314 /* AVFoundation.framework */; };
		EFEE806D26163F3C00127314 /* AVKit.framework in Frameworks */ = {isa = PBXBuildFile; fileRef = EFEE806C26163F3C00127314 /* AVKit.framework */; };
/* End PBXBuildFile section */

/* Begin PBXFileReference section */
		EFEE804F26163E7A00127314 /* WSOE.app */ = {isa = PBXFileReference; explicitFileType = wrapper.application; includeInIndex = 0; path = WSOE.app; sourceTree = BUILT_PRODUCTS_DIR; };
		EFEE805226163E7A00127314 /* AppDelegate.swift */ = {isa = PBXFileReference; lastKnownFileType = sourcecode.swift; path = AppDelegate.swift; sourceTree = "<group>"; };
		EFEE805426163E7A00127314 /* SceneDelegate.swift */ = {isa = PBXFileReference; lastKnownFileType = sourcecode.swift; path = SceneDelegate.swift; sourceTree = "<group>"; };
		EFEE805626163E7A00127314 /* ViewController.swift */ = {isa = PBXFileReference; lastKnownFileType = sourcecode.swift; path = ViewController.swift; sourceTree = "<group>"; };
		EFEE805926163E7A00127314 /* Base */ = {isa = PBXFileReference; lastKnownFileType = file.storyboard; name = Base; path = Base.lproj/Main.storyboard; sourceTree = "<group>"; };
		EFEE805B26163E7C00127314 /* Assets.xcassets */ = {isa = PBXFileReference; lastKnownFileType = folder.assetcatalog; path = Assets.xcassets; sourceTree = "<group>"; };
		EFEE805E26163E7C00127314 /* Base */ = {isa = PBXFileReference; lastKnownFileType = file.storyboard; name = Base; path = Base.lproj/LaunchScreen.storyboard; sourceTree = "<group>"; };
		EFEE806026163E7C00127314 /* Info.plist */ = {isa = PBXFileReference; lastKnownFileType = text.plist.xml; path = Info.plist; sourceTree = "<group>"; };
		EFEE806826163F1B00127314 /* AVFoundation.framework */ = {isa = PBXFileReference; lastKnownFileType = wrapper.framework; name = AVFoundation.framework; path = System/Library/Frameworks/AVFoundation.framework; sourceTree = SDKROOT; };
		EFEE806C26163F3C00127314 /* AVKit.framework */ = {isa = PBXFileReference; lastKnownFileType = wrapper.framework; name = AVKit.framework; path = System/Library/Frameworks/AVKit.framework; sourceTree = SDKROOT; };
/* End PBXFileReference section */

/* Begin PBXFrameworksBuildPhase section */
		EFEE804C26163E7A00127314 /* Frameworks */ = {
			isa = PBXFrameworksBuildPhase;
			buildActionMask = 2147483647;
			files = (
				EFEE806D26163F3C00127314 /* AVKit.framework in Frameworks */,
				EFEE806926163F1B00127314 /* AVFoundation.framework in Frameworks */,
			);
			runOnlyForDeploymentPostprocessing = 0;
		};
/* End PBXFrameworksBuildPhase section */

/* Begin PBXGroup section */
		EFEE804626163E7A00127314 = {
			isa = PBXGroup;
			children = (
				EFEE805126163E7A00127314 /* WSOE */,
				EFEE805026163E7A00127314 /* Products */,
				EFEE806726163F1B00127314 /* Frameworks */,
			);
			sourceTree = "<group>";
		};
		EFEE805026163E7A00127314 /* Products */ = {
			isa = PBXGroup;
			children = (
				EFEE804F26163E7A00127314 /* WSOE.app */,
			);
			name = Products;
			sourceTree = "<group>";
		};
		EFEE805126163E7A00127314 /* WSOE */ = {
			isa = PBXGroup;
			children = (
				EFEE805226163E7A00127314 /* AppDelegate.swift */,
				EFEE805426163E7A00127314 /* SceneDelegate.swift */,
				EFEE805626163E7A00127314 /* ViewController.swift */,
				EFEE805826163E7A00127314 /* Main.storyboard */,
				EFEE805B26163E7C00127314 /* Assets.xcassets */,
				EFEE805D26163E7C00127314 /* LaunchScreen.storyboard */,
				EFEE806026163E7C00127314 /* Info.plist */,
			);
			path = WSOE;
			sourceTree = "<group>";
		};
		EFEE806726163F1B00127314 /* Frameworks */ = {
			isa = PBXGroup;
			children = (
				EFEE806C26163F3C00127314 /* AVKit.framework */,
				EFEE806826163F1B00127314 /* AVFoundation.framework */,
			);
			name = Frameworks;
			sourceTree = "<group>";
		};
/* End PBXGroup section */

/* Begin PBXNativeTarget section */
		EFEE804E26163E7A00127314 /* WSOE */ = {
			isa = PBXNativeTarget;
			buildConfigurationList = EFEE806326163E7C00127314 /* Build configuration list for PBXNativeTarget "WSOE" */;
			buildPhases = (
				EFEE804B26163E7A00127314 /* Sources */,
				EFEE804C26163E7A00127314 /* Frameworks */,
				EFEE804D26163E7A00127314 /* Resources */,
			);
			buildRules = (
			);
			dependencies = (
			);
			name = WSOE;
			productName = WSOE;
			productReference = EFEE804F26163E7A00127314 /* WSOE.app */;
			productType = "com.apple.product-type.application";
		};
/* End PBXNativeTarget section */

/* Begin PBXProject section */
		EFEE804726163E7A00127314 /* Project object */ = {
			isa = PBXProject;
			attributes = {
				LastSwiftUpdateCheck = 1240;
				LastUpgradeCheck = 1240;
				TargetAttributes = {
					EFEE804E26163E7A00127314 = {
						CreatedOnToolsVersion = 12.4;
					};
				};
			};
			buildConfigurationList = EFEE804A26163E7A00127314 /* Build configuration list for PBXProject "WSOE" */;
			compatibilityVersion = "Xcode 9.3";
			developmentRegion = en;
			hasScannedForEncodings = 0;
			knownRegions = (
				en,
				Base,
			);
			mainGroup = EFEE804626163E7A00127314;
			productRefGroup = EFEE805026163E7A00127314 /* Products */;
			projectDirPath = "";
			projectRoot = "";
			targets = (
				EFEE804E26163E7A00127314 /* WSOE */,
			);
		};
/* End PBXProject section */

/* Begin PBXResourcesBuildPhase section */
		EFEE804D26163E7A00127314 /* Resources */ = {
			isa = PBXResourcesBuildPhase;
			buildActionMask = 2147483647;
			files = (
				EFEE805F26163E7C00127314 /* LaunchScreen.storyboard in Resources */,
				EFEE805C26163E7C00127314 /* Assets.xcassets in Resources */,
				EFEE805A26163E7A00127314 /* Main.storyboard in Resources */,
			);
			runOnlyForDeploymentPostprocessing = 0;
		};
/* End PBXResourcesBuildPhase section */

/* Begin PBXSourcesBuildPhase section */
		EFEE804B26163E7A00127314 /* Sources */ = {
			isa = PBXSourcesBuildPhase;
			buildActionMask = 2147483647;
			files = (
				EFEE805726163E7A00127314 /* ViewController.swift in Sources */,
				EFEE805326163E7A00127314 /* AppDelegate.swift in Sources */,
				EFEE805526163E7A00127314 /* SceneDelegate.swift in Sources */,
			);
			runOnlyForDeploymentPostprocessing = 0;
		};
/* End PBXSourcesBuildPhase section */

/* Begin PBXVariantGroup section */
		EFEE805826163E7A00127314 /* Main.storyboard */ = {
			isa = PBXVariantGroup;
			children = (
				EFEE805926163E7A00127314 /* Base */,
			);
			name = Main.storyboard;
			sourceTree = "<group>";
		};
		EFEE805D26163E7C00127314 /* LaunchScreen.storyboard */ = {
			isa = PBXVariantGroup;
			children = (
				EFEE805E26163E7C00127314 /* Base */,
			);
			name = LaunchScreen.storyboard;
			sourceTree = "<group>";
		};
/* End PBXVariantGroup section */

/* Begin XCBuildConfiguration section */
		EFEE806126163E7C00127314 /* Debug */ = {
			isa = XCBuildConfiguration;
			buildSettings = {
				ALWAYS_SEARCH_USER_PATHS = NO;
				CLANG_ANALYZER_NONNULL = YES;
				CLANG_ANALYZER_NUMBER_OBJECT_CONVERSION = YES_AGGRESSIVE;
				CLANG_CXX_LANGUAGE_STANDARD = "gnu++14";
				CLANG_CXX_LIBRARY = "libc++";
				CLANG_ENABLE_MODULES = YES;
				CLANG_ENABLE_OBJC_ARC = YES;
				CLANG_ENABLE_OBJC_WEAK = YES;
				CLANG_WARN_BLOCK_CAPTURE_AUTORELEASING = YES;
				CLANG_WARN_BOOL_CONVERSION = YES;
				CLANG_WARN_COMMA = YES;
				CLANG_WARN_CONSTANT_CONVERSION = YES;
				CLANG_WARN_DEPRECATED_OBJC_IMPLEMENTATIONS = YES;
				CLANG_WARN_DIRECT_OBJC_ISA_USAGE = YES_ERROR;
				CLANG_WARN_DOCUMENTATION_COMMENTS = YES;
				CLANG_WARN_EMPTY_BODY = YES;
				CLANG_WARN_ENUM_CONVERSION = YES;
				CLANG_WARN_INFINITE_RECURSION = YES;
				CLANG_WARN_INT_CONVERSION = YES;
				CLANG_WARN_NON_LITERAL_NULL_CONVERSION = YES;
				CLANG_WARN_OBJC_IMPLICIT_RETAIN_SELF = YES;
				CLANG_WARN_OBJC_LITERAL_CONVERSION = YES;
				CLANG_WARN_OBJC_ROOT_CLASS = YES_ERROR;
				CLANG_WARN_QUOTED_INCLUDE_IN_FRAMEWORK_HEADER = YES;
				CLANG_WARN_RANGE_LOOP_ANALYSIS = YES;
				CLANG_WARN_STRICT_PROTOTYPES = YES;
				CLANG_WARN_SUSPICIOUS_MOVE = YES;
				CLANG_WARN_UNGUARDED_AVAILABILITY = YES_AGGRESSIVE;
				CLANG_WARN_UNREACHABLE_CODE = YES;
				CLANG_WARN__DUPLICATE_METHOD_MATCH = YES;
				COPY_PHASE_STRIP = NO;
				DEBUG_INFORMATION_FORMAT = dwarf;
				ENABLE_STRICT_OBJC_MSGSEND = YES;
				ENABLE_TESTABILITY = YES;
				GCC_C_LANGUAGE_STANDARD = gnu11;
				GCC_DYNAMIC_NO_PIC = NO;
				GCC_NO_COMMON_BLOCKS = YES;
				GCC_OPTIMIZATION_LEVEL = 0;
				GCC_PREPROCESSOR_DEFINITIONS = (
					"DEBUG=1",
					"$(inherited)",
				);
				GCC_WARN_64_TO_32_BIT_CONVERSION = YES;
				GCC_WARN_ABOUT_RETURN_TYPE = YES_ERROR;
				GCC_WARN_UNDECLARED_SELECTOR = YES;
				GCC_WARN_UNINITIALIZED_AUTOS = YES_AGGRESSIVE;
				GCC_WARN_UNUSED_FUNCTION = YES;
				GCC_WARN_UNUSED_VARIABLE = YES;
				IPHONEOS_DEPLOYMENT_TARGET = 13.0;
				MTL_ENABLE_DEBUG_INFO = INCLUDE_SOURCE;
				MTL_FAST_MATH = YES;
				ONLY_ACTIVE_ARCH = YES;
				SDKROOT = iphoneos;
				SWIFT_ACTIVE_COMPILATION_CONDITIONS = DEBUG;
				SWIFT_OPTIMIZATION_LEVEL = "-Onone";
			};
			name = Debug;
		};
		EFEE806226163E7C00127314 /* Release */ = {
			isa = XCBuildConfiguration;
			buildSettings = {
				ALWAYS_SEARCH_USER_PATHS = NO;
				CLANG_ANALYZER_NONNULL = YES;
				CLANG_ANALYZER_NUMBER_OBJECT_CONVERSION = YES_AGGRESSIVE;
				CLANG_CXX_LANGUAGE_STANDARD = "gnu++14";
				CLANG_CXX_LIBRARY = "libc++";
				CLANG_ENABLE_MODULES = YES;
				CLANG_ENABLE_OBJC_ARC = YES;
				CLANG_ENABLE_OBJC_WEAK = YES;
				CLANG_WARN_BLOCK_CAPTURE_AUTORELEASING = YES;
				CLANG_WARN_BOOL_CONVERSION = YES;
				CLANG_WARN_COMMA = YES;
				CLANG_WARN_CONSTANT_CONVERSION = YES;
				CLANG_WARN_DEPRECATED_OBJC_IMPLEMENTATIONS = YES;
				CLANG_WARN_DIRECT_OBJC_ISA_USAGE = YES_ERROR;
				CLANG_WARN_DOCUMENTATION_COMMENTS = YES;
				CLANG_WARN_EMPTY_BODY = YES;
				CLANG_WARN_ENUM_CONVERSION = YES;
				CLANG_WARN_INFINITE_RECURSION = YES;
				CLANG_WARN_INT_CONVERSION = YES;
				CLANG_WARN_NON_LITERAL_NULL_CONVERSION = YES;
				CLANG_WARN_OBJC_IMPLICIT_RETAIN_SELF = YES;
				CLANG_WARN_OBJC_LITERAL_CONVERSION = YES;
				CLANG_WARN_OBJC_ROOT_CLASS = YES_ERROR;
				CLANG_WARN_QUOTED_INCLUDE_IN_FRAMEWORK_HEADER = YES;
				CLANG_WARN_RANGE_LOOP_ANALYSIS = YES;
				CLANG_WARN_STRICT_PROTOTYPES = YES;
				CLANG_WARN_SUSPICIOUS_MOVE = YES;
				CLANG_WARN_UNGUARDED_AVAILABILITY = YES_AGGRESSIVE;
				CLANG_WARN_UNREACHABLE_CODE = YES;
				CLANG_WARN__DUPLICATE_METHOD_MATCH = YES;
				COPY_PHASE_STRIP = NO;
				DEBUG_INFORMATION_FORMAT = "dwarf-with-dsym";
				ENABLE_NS_ASSERTIONS = NO;
				ENABLE_STRICT_OBJC_MSGSEND = YES;
				GCC_C_LANGUAGE_STANDARD = gnu11;
				GCC_NO_COMMON_BLOCKS = YES;
				GCC_WARN_64_TO_32_BIT_CONVERSION = YES;
				GCC_WARN_ABOUT_RETURN_TYPE = YES_ERROR;
				GCC_WARN_UNDECLARED_SELECTOR = YES;
				GCC_WARN_UNINITIALIZED_AUTOS = YES_AGGRESSIVE;
				GCC_WARN_UNUSED_FUNCTION = YES;
				GCC_WARN_UNUSED_VARIABLE = YES;
				IPHONEOS_DEPLOYMENT_TARGET = 13.0;
				MTL_ENABLE_DEBUG_INFO = NO;
				MTL_FAST_MATH = YES;
				SDKROOT = iphoneos;
				SWIFT_COMPILATION_MODE = wholemodule;
				SWIFT_OPTIMIZATION_LEVEL = "-O";
				VALIDATE_PRODUCT = YES;
			};
			name = Release;
		};
		EFEE806426163E7C00127314 /* Debug */ = {
			isa = XCBuildConfiguration;
			buildSettings = {
				ASSETCATALOG_COMPILER_APPICON_NAME = AppIcon;
				ASSETCATALOG_COMPILER_GLOBAL_ACCENT_COLOR_NAME = AccentColor;
				CODE_SIGN_STYLE = Automatic;
				DEVELOPMENT_TEAM = ZP38ADU45L;
				INFOPLIST_FILE = WSOE/Info.plist;
				LD_RUNPATH_SEARCH_PATHS = (
					"$(inherited)",
					"@executable_path/Frameworks",
				);
				PRODUCT_BUNDLE_IDENTIFIER = edu.elon.www.wsoe;
				PRODUCT_NAME = "$(TARGET_NAME)";
				SWIFT_VERSION = 5.0;
				TARGETED_DEVICE_FAMILY = "1,2";
			};
			name = Debug;
		};
		EFEE806526163E7C00127314 /* Release */ = {
			isa = XCBuildConfiguration;
			buildSettings = {
				ASSETCATALOG_COMPILER_APPICON_NAME = AppIcon;
				ASSETCATALOG_COMPILER_GLOBAL_ACCENT_COLOR_NAME = AccentColor;
				CODE_SIGN_STYLE = Automatic;
				DEVELOPMENT_TEAM = ZP38ADU45L;
				INFOPLIST_FILE = WSOE/Info.plist;
				LD_RUNPATH_SEARCH_PATHS = (
					"$(inherited)",
					"@executable_path/Frameworks",
				);
				PRODUCT_BUNDLE_IDENTIFIER = edu.elon.www.wsoe;
				PRODUCT_NAME = "$(TARGET_NAME)";
				SWIFT_VERSION = 5.0;
				TARGETED_DEVICE_FAMILY = "1,2";
			};
			name = Release;
		};
/* End XCBuildConfiguration section */

/* Begin XCConfigurationList section */
		EFEE804A26163E7A00127314 /* Build configuration list for PBXProject "WSOE" */ = {
			isa = XCConfigurationList;
			buildConfigurations = (
				EFEE806126163E7C00127314 /* Debug */,
				EFEE806226163E7C00127314 /* Release */,
			);
			defaultConfigurationIsVisible = 0;
			defaultConfigurationName = Release;
		};
		EFEE806326163E7C00127314 /* Build configuration list for PBXNativeTarget "WSOE" */ = {
			isa = XCConfigurationList;
			buildConfigurations = (
				EFEE806426163E7C00127314 /* Debug */,
				EFEE806526163E7C00127314 /* Release */,
			);
			defaultConfigurationIsVisible = 0;
			defaultConfigurationName = Release;
		};
/* End XCConfigurationList section */
	};
	rootObject = EFEE804726163E7A00127314 /* Project object */;
}
